{
  "version": 4,
  "terraform_version": "1.13.3",
  "serial": 6,
  "lineage": "964734b3-e9d4-09a6-b85f-84ce191edbe3",
  "outputs": {
    "pages_project_name": {
      "value": "blog-yifen9-li",
      "type": "string"
    }
  },
  "resources": [
    {
      "mode": "managed",
      "type": "cloudflare_pages_project",
      "name": "this",
      "provider": "provider[\"registry.terraform.io/cloudflare/cloudflare\"]",
      "instances": [
        {
          "schema_version": 0,
          "attributes": {
            "account_id": "b1ccff0180cf0f24305033e39ee2a542",
            "build_config": {
              "build_caching": null,
              "build_command": null,
              "destination_dir": null,
              "root_dir": null,
              "web_analytics_tag": null,
              "web_analytics_token": null
            },
            "canonical_deployment": {
              "aliases": [
                "https://yifen9.li"
              ],
              "build_config": {
                "build_caching": null,
                "build_command": null,
                "destination_dir": null,
                "root_dir": null,
                "web_analytics_tag": null,
                "web_analytics_token": null
              },
              "created_on": "2025-09-20T01:04:24Z",
              "deployment_trigger": {
                "metadata": {
                  "branch": "main",
                  "commit_hash": "1219ee0d307ecf0198e9172423a72d9ae6224a87",
                  "commit_message": "update footer"
                },
                "type": "ad_hoc"
              },
              "env_vars": {},
              "environment": "production",
              "id": "89e391d4-7f3b-4744-81d2-6cecf16618aa",
              "is_skipped": false,
              "latest_stage": {
                "ended_on": "2025-09-20T01:04:26Z",
                "name": "deploy",
                "started_on": null,
                "status": "success"
              },
              "modified_on": "2025-09-20T01:04:26Z",
              "project_id": "3ce96260-808f-435e-912b-1a789175f933",
              "project_name": "www-yifen9-li",
              "short_id": "89e391d4",
              "source": null,
              "stages": [
                {
                  "ended_on": null,
                  "name": "queued",
                  "started_on": "2025-09-20T01:04:24Z",
                  "status": "active"
                },
                {
                  "ended_on": null,
                  "name": "initialize",
                  "started_on": null,
                  "status": "idle"
                },
                {
                  "ended_on": null,
                  "name": "clone_repo",
                  "started_on": null,
                  "status": "idle"
                },
                {
                  "ended_on": null,
                  "name": "build",
                  "started_on": null,
                  "status": "idle"
                },
                {
                  "ended_on": "2025-09-20T01:04:26Z",
                  "name": "deploy",
                  "started_on": null,
                  "status": "success"
                }
              ],
              "url": "https://89e391d4.www-yifen9-li.pages.dev"
            },
            "created_on": "2025-09-20T00:43:27Z",
            "deployment_configs": {
              "preview": {
                "ai_bindings": null,
                "analytics_engine_datasets": null,
                "browsers": null,
                "compatibility_date": "2025-09-20",
                "compatibility_flags": [],
                "d1_databases": null,
                "durable_object_namespaces": null,
                "env_vars": null,
                "hyperdrive_bindings": null,
                "kv_namespaces": null,
                "mtls_certificates": null,
                "placement": null,
                "queue_producers": null,
                "r2_buckets": null,
                "services": null,
                "vectorize_bindings": null
              },
              "production": {
                "ai_bindings": null,
                "analytics_engine_datasets": null,
                "browsers": null,
                "compatibility_date": "2025-09-20",
                "compatibility_flags": [],
                "d1_databases": null,
                "durable_object_namespaces": null,
                "env_vars": null,
                "hyperdrive_bindings": null,
                "kv_namespaces": null,
                "mtls_certificates": null,
                "placement": null,
                "queue_producers": null,
                "r2_buckets": null,
                "services": null,
                "vectorize_bindings": null
              }
            },
            "domains": [
              "www-yifen9-li.pages.dev",
              "yifen9.li"
            ],
            "id": "www-yifen9-li",
            "latest_deployment": {
              "aliases": [
                "https://yifen9.li"
              ],
              "build_config": {
                "build_caching": null,
                "build_command": null,
                "destination_dir": null,
                "root_dir": null,
                "web_analytics_tag": null,
                "web_analytics_token": null
              },
              "created_on": "2025-09-20T01:04:24Z",
              "deployment_trigger": {
                "metadata": {
                  "branch": "main",
                  "commit_hash": "1219ee0d307ecf0198e9172423a72d9ae6224a87",
                  "commit_message": "update footer"
                },
                "type": "ad_hoc"
              },
              "env_vars": {},
              "environment": "production",
              "id": "89e391d4-7f3b-4744-81d2-6cecf16618aa",
              "is_skipped": false,
              "latest_stage": {
                "ended_on": "2025-09-20T01:04:26Z",
                "name": "deploy",
                "started_on": null,
                "status": "success"
              },
              "modified_on": "2025-09-20T01:04:26Z",
              "project_id": "3ce96260-808f-435e-912b-1a789175f933",
              "project_name": "www-yifen9-li",
              "short_id": "89e391d4",
              "source": null,
              "stages": [
                {
                  "ended_on": null,
                  "name": "queued",
                  "started_on": "2025-09-20T01:04:24Z",
                  "status": "active"
                },
                {
                  "ended_on": null,
                  "name": "initialize",
                  "started_on": null,
                  "status": "idle"
                },
                {
                  "ended_on": null,
                  "name": "clone_repo",
                  "started_on": null,
                  "status": "idle"
                },
                {
                  "ended_on": null,
                  "name": "build",
                  "started_on": null,
                  "status": "idle"
                },
                {
                  "ended_on": "2025-09-20T01:04:26Z",
                  "name": "deploy",
                  "started_on": null,
                  "status": "success"
                }
              ],
              "url": "https://89e391d4.www-yifen9-li.pages.dev"
            },
            "name": "www-yifen9-li",
            "production_branch": "main",
            "source": null,
            "subdomain": "www-yifen9-li.pages.dev"
          },
          "sensitive_attributes": [
            [
              {
                "type": "get_attr",
                "value": "build_config"
              },
              {
                "type": "get_attr",
                "value": "web_analytics_token"
              }
            ],
            [
              {
                "type": "get_attr",
                "value": "canonical_deployment"
              },
              {
                "type": "get_attr",
                "value": "build_config"
              },
              {
                "type": "get_attr",
                "value": "web_analytics_token"
              }
            ],
            [
              {
                "type": "get_attr",
                "value": "latest_deployment"
              },
              {
                "type": "get_attr",
                "value": "build_config"
              },
              {
                "type": "get_attr",
                "value": "web_analytics_token"
              }
            ]
          ],
          "identity_schema_version": 0
        }
      ]
    }
  ],
  "check_results": null
}
